
Microsoft Visual Studio Solution File, Format Version 12.00
# Visual Studio Version 16
VisualStudioVersion = 16.0.30621.155
MinimumVisualStudioVersion = 10.0.40219.1
Project("{FAE04EC0-301F-11D3-BF4B-00C04F79EFBC}") = "ScheduleCreator.Domain", "ScheduleCreator.Domain\ScheduleCreator.Domain.csproj", "{1D266A0C-C9A3-48E2-A021-4445D66B6708}"
EndProject
Project("{FAE04EC0-301F-11D3-BF4B-00C04F79EFBC}") = "ScheduleCreator.EntityFramework", "ScheduleCreator.EntityFramework\ScheduleCreator.EntityFramework.csproj", "{6AAB8663-656A-4975-8CE0-473B374C5A83}"
EndProject
Project("{FAE04EC0-301F-11D3-BF4B-00C04F79EFBC}") = "ConsoleApp1", "ConsoleApp1\ConsoleApp1.csproj", "{C30A83AB-11F8-4DC6-B0CC-8E322E7F1E51}"
EndProject
Global
	GlobalSection(SolutionConfigurationPlatforms) = preSolution
		Debug|Any CPU = Debug|Any CPU
		Release|Any CPU = Release|Any CPU
	EndGlobalSection
	GlobalSection(ProjectConfigurationPlatforms) = postSolution
		{1D266A0C-C9A3-48E2-A021-4445D66B6708}.Debug|Any CPU.ActiveCfg = Debug|Any CPU
		{1D266A0C-C9A3-48E2-A021-4445D66B6708}.Debug|Any CPU.Build.0 = Debug|Any CPU
		{1D266A0C-C9A3-48E2-A021-4445D66B6708}.Release|Any CPU.ActiveCfg = Release|Any CPU
		{1D266A0C-C9A3-48E2-A021-4445D66B6708}.Release|Any CPU.Build.0 = Release|Any CPU
		{6AAB8663-656A-4975-8CE0-473B374C5A83}.Debug|Any CPU.ActiveCfg = Debug|Any CPU
		{6AAB8663-656A-4975-8CE0-473B374C5A83}.Debug|Any CPU.Build.0 = Debug|Any CPU
		{6AAB8663-656A-4975-8CE0-473B374C5A83}.Release|Any CPU.ActiveCfg = Release|Any CPU
		{6AAB8663-656A-4975-8CE0-473B374C5A83}.Release|Any CPU.Build.0 = Release|Any CPU
		{C30A83AB-11F8-4DC6-B0CC-8E322E7F1E51}.Debug|Any CPU.ActiveCfg = Debug|Any CPU
		{C30A83AB-11F8-4DC6-B0CC-8E322E7F1E51}.Debug|Any CPU.Build.0 = Debug|Any CPU
		{C30A83AB-11F8-4DC6-B0CC-8E322E7F1E51}.Release|Any CPU.ActiveCfg = Release|Any CPU
		{C30A83AB-11F8-4DC6-B0CC-8E322E7F1E51}.Release|Any CPU.Build.0 = Release|Any CPU
	EndGlobalSection
	GlobalSection(SolutionProperties) = preSolution
		HideSolutionNode = FALSE
	EndGlobalSection
	GlobalSection(ExtensibilityGlobals) = postSolution
		SolutionGuid = {6E10A994-C425-41E7-BDFB-7647AC786F4C}
	EndGlobalSection
EndGlobal
